{
  "name": "battle-simulation",
  "version": "1.0.0",
  "lockfileVersion": 1,
  "requires": true,
  "dependencies": {
    "compute-gmean": {
      "version": "1.1.0",
      "resolved": "https://registry.npm.taobao.org/compute-gmean/download/compute-gmean-1.1.0.tgz",
      "integrity": "sha1-Sbe1stRwgJfwxoX1zbBFpLbxR6I=",
      "requires": {
        "validate.io-array": "^1.0.3",
        "validate.io-function": "^1.0.2"
      }
    },
    "dotenv": {
      "version": "8.2.0",
      "resolved": "https://registry.npm.taobao.org/dotenv/download/dotenv-8.2.0.tgz?cache=0&sync_timestamp=1571190782798&other_urls=https%3A%2F%2Fregistry.npm.taobao.org%2Fdotenv%2Fdownload%2Fdotenv-8.2.0.tgz",
      "integrity": "sha1-l+YZJZradQ7qPk6j4mvO6lQksWo="
    },
    "validate.io-array": {
      "version": "1.0.6",
      "resolved": "https://registry.npm.taobao.org/validate.io-array/download/validate.io-array-1.0.6.tgz",
      "integrity": "sha1-W1osr9j4uFq7L4hroVPy2Tond00="
    },
    "validate.io-function": {
      "version": "1.0.2",
      "resolved": "https://registry.npm.taobao.org/validate.io-function/download/validate.io-function-1.0.2.tgz",
      "integrity": "sha1-NDoZgC7TsZaCaceA5VjpNBHAutc="
    }
  }
}
